
Microsoft Visual Studio Solution File, Format Version 12.00
# Visual Studio Version 16
VisualStudioVersion = 16.0.29905.134
MinimumVisualStudioVersion = 10.0.40219.1
Project("{9A19103F-16F7-4668-BE54-9A1E7A4F7556}") = "EF3.EntityModels", "EF3.EntityModels\EF3.EntityModels.csproj", "{8CE21315-33A7-4C8D-816B-63E4689BBF3E}"
EndProject
Project("{9A19103F-16F7-4668-BE54-9A1E7A4F7556}") = "EF3.SQLContext", "EF3.SQLContext\EF3.SQLContext.csproj", "{81DDD474-B669-409B-B24C-BD64E06411E0}"
EndProject
Project("{9A19103F-16F7-4668-BE54-9A1E7A4F7556}") = "EF3.NoSQLContext", "EF3.NoSQLContext\EF3.NoSQLContext.csproj", "{8B4D7EA3-0A79-493B-A535-C3B793C11ED3}"
EndProject
Project("{9A19103F-16F7-4668-BE54-9A1E7A4F7556}") = "EF3.SQLApp", "EF3.SQLApp\EF3.SQLApp.csproj", "{F62F9543-89B2-4976-8585-A69769AF77D8}"
EndProject
Project("{9A19103F-16F7-4668-BE54-9A1E7A4F7556}") = "EF3.NoSQLApp", "EF3.NoSQLApp\EF3.NoSQLApp.csproj", "{4310D6F8-081B-4D87-B39F-1BE5CBCA97BA}"
EndProject
Project("{2150E333-8FDC-42A3-9474-1A3956D46DE8}") = "SQL", "SQL", "{944A3062-9F8C-46C5-9C1C-9C230284CACA}"
EndProject
Project("{2150E333-8FDC-42A3-9474-1A3956D46DE8}") = "NoSQL", "NoSQL", "{FD60A2D3-E07F-4140-B981-03D8E9EFEB93}"
EndProject
Project("{2150E333-8FDC-42A3-9474-1A3956D46DE8}") = "Shared", "Shared", "{FBFA14CB-ECEE-4656-AB2A-B0A8442A656E}"
EndProject
Project("{9A19103F-16F7-4668-BE54-9A1E7A4F7556}") = "EF3.SQLEntityModels", "EF3.SQLEntityModels\EF3.SQLEntityModels.csproj", "{D7749378-CE4B-48E6-A65A-DF5D0DC8789B}"
EndProject
Global
	GlobalSection(SolutionConfigurationPlatforms) = preSolution
		Debug|Any CPU = Debug|Any CPU
		Release|Any CPU = Release|Any CPU
	EndGlobalSection
	GlobalSection(ProjectConfigurationPlatforms) = postSolution
		{8CE21315-33A7-4C8D-816B-63E4689BBF3E}.Debug|Any CPU.ActiveCfg = Debug|Any CPU
		{8CE21315-33A7-4C8D-816B-63E4689BBF3E}.Debug|Any CPU.Build.0 = Debug|Any CPU
		{8CE21315-33A7-4C8D-816B-63E4689BBF3E}.Release|Any CPU.ActiveCfg = Release|Any CPU
		{8CE21315-33A7-4C8D-816B-63E4689BBF3E}.Release|Any CPU.Build.0 = Release|Any CPU
		{81DDD474-B669-409B-B24C-BD64E06411E0}.Debug|Any CPU.ActiveCfg = Debug|Any CPU
		{81DDD474-B669-409B-B24C-BD64E06411E0}.Debug|Any CPU.Build.0 = Debug|Any CPU
		{81DDD474-B669-409B-B24C-BD64E06411E0}.Release|Any CPU.ActiveCfg = Release|Any CPU
		{81DDD474-B669-409B-B24C-BD64E06411E0}.Release|Any CPU.Build.0 = Release|Any CPU
		{8B4D7EA3-0A79-493B-A535-C3B793C11ED3}.Debug|Any CPU.ActiveCfg = Debug|Any CPU
		{8B4D7EA3-0A79-493B-A535-C3B793C11ED3}.Debug|Any CPU.Build.0 = Debug|Any CPU
		{8B4D7EA3-0A79-493B-A535-C3B793C11ED3}.Release|Any CPU.ActiveCfg = Release|Any CPU
		{8B4D7EA3-0A79-493B-A535-C3B793C11ED3}.Release|Any CPU.Build.0 = Release|Any CPU
		{F62F9543-89B2-4976-8585-A69769AF77D8}.Debug|Any CPU.ActiveCfg = Debug|Any CPU
		{F62F9543-89B2-4976-8585-A69769AF77D8}.Debug|Any CPU.Build.0 = Debug|Any CPU
		{F62F9543-89B2-4976-8585-A69769AF77D8}.Release|Any CPU.ActiveCfg = Release|Any CPU
		{F62F9543-89B2-4976-8585-A69769AF77D8}.Release|Any CPU.Build.0 = Release|Any CPU
		{4310D6F8-081B-4D87-B39F-1BE5CBCA97BA}.Debug|Any CPU.ActiveCfg = Debug|Any CPU
		{4310D6F8-081B-4D87-B39F-1BE5CBCA97BA}.Debug|Any CPU.Build.0 = Debug|Any CPU
		{4310D6F8-081B-4D87-B39F-1BE5CBCA97BA}.Release|Any CPU.ActiveCfg = Release|Any CPU
		{4310D6F8-081B-4D87-B39F-1BE5CBCA97BA}.Release|Any CPU.Build.0 = Release|Any CPU
		{D7749378-CE4B-48E6-A65A-DF5D0DC8789B}.Debug|Any CPU.ActiveCfg = Debug|Any CPU
		{D7749378-CE4B-48E6-A65A-DF5D0DC8789B}.Debug|Any CPU.Build.0 = Debug|Any CPU
		{D7749378-CE4B-48E6-A65A-DF5D0DC8789B}.Release|Any CPU.ActiveCfg = Release|Any CPU
		{D7749378-CE4B-48E6-A65A-DF5D0DC8789B}.Release|Any CPU.Build.0 = Release|Any CPU
	EndGlobalSection
	GlobalSection(SolutionProperties) = preSolution
		HideSolutionNode = FALSE
	EndGlobalSection
	GlobalSection(NestedProjects) = preSolution
		{8CE21315-33A7-4C8D-816B-63E4689BBF3E} = {FBFA14CB-ECEE-4656-AB2A-B0A8442A656E}
		{81DDD474-B669-409B-B24C-BD64E06411E0} = {944A3062-9F8C-46C5-9C1C-9C230284CACA}
		{8B4D7EA3-0A79-493B-A535-C3B793C11ED3} = {FD60A2D3-E07F-4140-B981-03D8E9EFEB93}
		{F62F9543-89B2-4976-8585-A69769AF77D8} = {944A3062-9F8C-46C5-9C1C-9C230284CACA}
		{4310D6F8-081B-4D87-B39F-1BE5CBCA97BA} = {FD60A2D3-E07F-4140-B981-03D8E9EFEB93}
		{D7749378-CE4B-48E6-A65A-DF5D0DC8789B} = {944A3062-9F8C-46C5-9C1C-9C230284CACA}
	EndGlobalSection
	GlobalSection(ExtensibilityGlobals) = postSolution
		SolutionGuid = {0FF13C8C-BA87-4A76-8A11-956E5CCE1E7C}
	EndGlobalSection
EndGlobal
